dependencies:
- name: postgresql
  repository: https://charts.bitnami.com/bitnami
  version: 10.15.1
- name: redis
  repository: https://charts.bitnami.com/bitnami
  version: 15.7.6
- name: rabbitmq
  repository: https://charts.bitnami.com/bitnami
  version: 8.26.3
digest: sha256:504bf3783d5ee3f4135e5454595a3846d974a55394d4ec517d1c17749ef909ea
generated: "2022-06-28T13:52:36.830029783+05:30"
